
Microsoft Visual Studio Solution File, Format Version 12.00
# Visual Studio Version 16
VisualStudioVersion = 16.0.31410.357
MinimumVisualStudioVersion = 10.0.40219.1
Project("{8BC9CEB8-8B4A-11D0-8D11-00A0C91BC942}") = "Snake", "Snake\Snake.vcxproj", "{865AD025-1DBA-49AB-93A4-B6123C12C633}"
EndProject
Global
	GlobalSection(SolutionConfigurationPlatforms) = preSolution
		Debug|x64 = Debug|x64
		Debug|x86 = Debug|x86
		Release|x64 = Release|x64
		Release|x86 = Release|x86
	EndGlobalSection
	GlobalSection(ProjectConfigurationPlatforms) = postSolution
		{865AD025-1DBA-49AB-93A4-B6123C12C633}.Debug|x64.ActiveCfg = Debug|x64
		{865AD025-1DBA-49AB-93A4-B6123C12C633}.Debug|x64.Build.0 = Debug|x64
		{865AD025-1DBA-49AB-93A4-B6123C12C633}.Debug|x86.ActiveCfg = Debug|Win32
		{865AD025-1DBA-49AB-93A4-B6123C12C633}.Debug|x86.Build.0 = Debug|Win32
		{865AD025-1DBA-49AB-93A4-B6123C12C633}.Release|x64.ActiveCfg = Release|x64
		{865AD025-1DBA-49AB-93A4-B6123C12C633}.Release|x64.Build.0 = Release|x64
		{865AD025-1DBA-49AB-93A4-B6123C12C633}.Release|x86.ActiveCfg = Release|Win32
		{865AD025-1DBA-49AB-93A4-B6123C12C633}.Release|x86.Build.0 = Release|Win32
	EndGlobalSection
	GlobalSection(SolutionProperties) = preSolution
		HideSolutionNode = FALSE
	EndGlobalSection
	GlobalSection(ExtensibilityGlobals) = postSolution
		SolutionGuid = {DB894795-99A1-42F6-9DFB-CC4B97739725}
	EndGlobalSection
EndGlobal
